
Microsoft Visual Studio Solution File, Format Version 12.00
# Visual Studio Version 17
VisualStudioVersion = 17.1.32328.378
MinimumVisualStudioVersion = 10.0.40219.1
Project("{9A19103F-16F7-4668-BE54-9A1E7A4F7556}") = "HotelSearch.Domain", "HotelSearch.Domain\HotelSearch.Domain.csproj", "{8639CE93-EA72-4F0F-9846-C1922E57246F}"
EndProject
Project("{9A19103F-16F7-4668-BE54-9A1E7A4F7556}") = "HotelSearch.Web", "HotelSearch.Web\HotelSearch.Web.csproj", "{4D5AB293-9D1C-4EC5-8871-0FFE14170FA0}"
EndProject
Project("{FAE04EC0-301F-11D3-BF4B-00C04F79EFBC}") = "HotelSearch.Data", "HotelSearch.Data\HotelSearch.Data.csproj", "{4C75641E-3956-4353-9134-1A4E709047C0}"
EndProject
Global
	GlobalSection(SolutionConfigurationPlatforms) = preSolution
		Debug|Any CPU = Debug|Any CPU
		Release|Any CPU = Release|Any CPU
	EndGlobalSection
	GlobalSection(ProjectConfigurationPlatforms) = postSolution
		{8639CE93-EA72-4F0F-9846-C1922E57246F}.Debug|Any CPU.ActiveCfg = Debug|Any CPU
		{8639CE93-EA72-4F0F-9846-C1922E57246F}.Debug|Any CPU.Build.0 = Debug|Any CPU
		{8639CE93-EA72-4F0F-9846-C1922E57246F}.Release|Any CPU.ActiveCfg = Release|Any CPU
		{8639CE93-EA72-4F0F-9846-C1922E57246F}.Release|Any CPU.Build.0 = Release|Any CPU
		{4D5AB293-9D1C-4EC5-8871-0FFE14170FA0}.Debug|Any CPU.ActiveCfg = Debug|Any CPU
		{4D5AB293-9D1C-4EC5-8871-0FFE14170FA0}.Debug|Any CPU.Build.0 = Debug|Any CPU
		{4D5AB293-9D1C-4EC5-8871-0FFE14170FA0}.Release|Any CPU.ActiveCfg = Release|Any CPU
		{4D5AB293-9D1C-4EC5-8871-0FFE14170FA0}.Release|Any CPU.Build.0 = Release|Any CPU
		{4C75641E-3956-4353-9134-1A4E709047C0}.Debug|Any CPU.ActiveCfg = Debug|Any CPU
		{4C75641E-3956-4353-9134-1A4E709047C0}.Debug|Any CPU.Build.0 = Debug|Any CPU
		{4C75641E-3956-4353-9134-1A4E709047C0}.Release|Any CPU.ActiveCfg = Release|Any CPU
		{4C75641E-3956-4353-9134-1A4E709047C0}.Release|Any CPU.Build.0 = Release|Any CPU
	EndGlobalSection
	GlobalSection(SolutionProperties) = preSolution
		HideSolutionNode = FALSE
	EndGlobalSection
	GlobalSection(ExtensibilityGlobals) = postSolution
		SolutionGuid = {AAE27F8E-E8B9-4A61-B03A-04F0590829CC}
	EndGlobalSection
EndGlobal
